
Microsoft Visual Studio Solution File, Format Version 12.00
# Visual Studio Version 17
VisualStudioVersion = 17.7.34302.85
MinimumVisualStudioVersion = 10.0.40219.1
Project("{2150E333-8FDC-42A3-9474-1A3956D46DE8}") = "XEngine_Module", "XEngine_Module", "{26417B01-459E-4287-9524-7B0293BAD18A}"
EndProject
Project("{2150E333-8FDC-42A3-9474-1A3956D46DE8}") = "XEngine_Example", "XEngine_Example", "{58092034-5B83-4806-B7FE-CCDD7414C4AE}"
EndProject
Project("{2150E333-8FDC-42A3-9474-1A3956D46DE8}") = "XEngine_Application", "XEngine_Application", "{742EB475-5A9A-4359-99A6-6D59D34255FF}"
EndProject
Project("{8BC9CEB8-8B4A-11D0-8D11-00A0C91BC942}") = "XEngine_APPSimulateKeyInput", "XEngine_Application\XEngine_APPSimulateKeyInput\XEngine_APPSimulateKeyInput.vcxproj", "{17AD4502-08BC-4677-A4D1-DE22A71F6E83}"
EndProject
Project("{8BC9CEB8-8B4A-11D0-8D11-00A0C91BC942}") = "XEngine_APPFileSort", "XEngine_Application\XEngine_APPFileSort\XEngine_APPFileSort.vcxproj", "{4C849057-8C2C-4211-8861-991570FB7971}"
EndProject
Project("{8BC9CEB8-8B4A-11D0-8D11-00A0C91BC942}") = "XEngine_InfoReport", "XEngine_Module\XEngine_InfoReport\XEngine_InfoReport.vcxproj", "{F6520D2C-BB8E-45BB-964B-F5D6A4318A89}"
	ProjectSection(ProjectDependencies) = postProject
		{F1736B3F-03A2-4FC7-B045-A12BA8D724FB} = {F1736B3F-03A2-4FC7-B045-A12BA8D724FB}
	EndProjectSection
EndProject
Project("{8BC9CEB8-8B4A-11D0-8D11-00A0C91BC942}") = "jsoncpp", "XEngine_Module\jsoncpp\jsoncpp.vcxproj", "{F1736B3F-03A2-4FC7-B045-A12BA8D724FB}"
EndProject
Project("{8BC9CEB8-8B4A-11D0-8D11-00A0C91BC942}") = "InfoReport_APPExample", "XEngine_Example\InfoReport_APPExample\InfoReport_APPExample.vcxproj", "{A67868D2-15F6-41F5-9CB8-595D4E2731F7}"
	ProjectSection(ProjectDependencies) = postProject
		{F6520D2C-BB8E-45BB-964B-F5D6A4318A89} = {F6520D2C-BB8E-45BB-964B-F5D6A4318A89}
	EndProjectSection
EndProject
Project("{8BC9CEB8-8B4A-11D0-8D11-00A0C91BC942}") = "tinyxml2", "XEngine_Module\tinyxml2\tinyxml2.vcxproj", "{4BF7CA78-A1DD-4C6A-8AC7-C3AEB528115A}"
EndProject
Project("{8BC9CEB8-8B4A-11D0-8D11-00A0C91BC942}") = "TinyXML2_APPExample", "XEngine_Example\TinyXML2_APPExample\TinyXML2_APPExample.vcxproj", "{1D3B10A1-0621-4E13-B3EA-659341369DA2}"
	ProjectSection(ProjectDependencies) = postProject
		{4BF7CA78-A1DD-4C6A-8AC7-C3AEB528115A} = {4BF7CA78-A1DD-4C6A-8AC7-C3AEB528115A}
	EndProjectSection
EndProject
Project("{8BC9CEB8-8B4A-11D0-8D11-00A0C91BC942}") = "XEngine_APPSocketTest", "XEngine_Application\XEngine_APPSocketTest\XEngine_APPSocketTest.vcxproj", "{EC87A64B-FA90-44F2-9842-F0B95FF7B078}"
EndProject
Project("{8BC9CEB8-8B4A-11D0-8D11-00A0C91BC942}") = "XEngine_Token", "XEngine_Module\XEngine_Token\XEngine_Token.vcxproj", "{E17E889F-D826-413F-854E-DBA6000B4DA7}"
EndProject
Project("{8BC9CEB8-8B4A-11D0-8D11-00A0C91BC942}") = "XEngine_MSGNotify", "XEngine_Module\XEngine_MSGNotify\XEngine_MSGNotify.vcxproj", "{E1087BA3-1074-4C6A-B770-A53B7BA1F4EA}"
	ProjectSection(ProjectDependencies) = postProject
		{F1736B3F-03A2-4FC7-B045-A12BA8D724FB} = {F1736B3F-03A2-4FC7-B045-A12BA8D724FB}
	EndProjectSection
EndProject
Project("{8BC9CEB8-8B4A-11D0-8D11-00A0C91BC942}") = "MSGNotify_APPExample", "XEngine_Example\MSGNotify_APPExample\MSGNotify_APPExample.vcxproj", "{E6BB33EF-2FF9-4B7C-822C-2F127E9CB066}"
	ProjectSection(ProjectDependencies) = postProject
		{E1087BA3-1074-4C6A-B770-A53B7BA1F4EA} = {E1087BA3-1074-4C6A-B770-A53B7BA1F4EA}
	EndProjectSection
EndProject
Project("{8BC9CEB8-8B4A-11D0-8D11-00A0C91BC942}") = "XEngine_AIApi", "XEngine_Module\XEngine_AIApi\XEngine_AIApi.vcxproj", "{DE495AB3-201F-4288-9A3A-41DFA146AD30}"
	ProjectSection(ProjectDependencies) = postProject
		{F1736B3F-03A2-4FC7-B045-A12BA8D724FB} = {F1736B3F-03A2-4FC7-B045-A12BA8D724FB}
	EndProjectSection
EndProject
Project("{8BC9CEB8-8B4A-11D0-8D11-00A0C91BC942}") = "AIApi_APPExample", "XEngine_Example\AIApi_APPExample\AIApi_APPExample.vcxproj", "{C0792082-058B-4BF1-894F-D4D5D7124022}"
	ProjectSection(ProjectDependencies) = postProject
		{DE495AB3-201F-4288-9A3A-41DFA146AD30} = {DE495AB3-201F-4288-9A3A-41DFA146AD30}
	EndProjectSection
EndProject
Project("{8BC9CEB8-8B4A-11D0-8D11-00A0C91BC942}") = "XEngine_Verification", "XEngine_Module\XEngine_Verification\XEngine_Verification.vcxproj", "{A8E43EC0-698A-4807-8A61-B2BE5FAB7256}"
EndProject
Project("{8BC9CEB8-8B4A-11D0-8D11-00A0C91BC942}") = "Verification_APPExample", "XEngine_Example\Verification_APPExample\Verification_APPExample.vcxproj", "{6DDE9B0B-5DDA-47B0-BF6F-ADF47EC8568A}"
	ProjectSection(ProjectDependencies) = postProject
		{A8E43EC0-698A-4807-8A61-B2BE5FAB7256} = {A8E43EC0-698A-4807-8A61-B2BE5FAB7256}
	EndProjectSection
EndProject
Global
	GlobalSection(SolutionConfigurationPlatforms) = preSolution
		Debug|ARM64 = Debug|ARM64
		Debug|x64 = Debug|x64
		Debug|x86 = Debug|x86
		Release|ARM64 = Release|ARM64
		Release|x64 = Release|x64
		Release|x86 = Release|x86
	EndGlobalSection
	GlobalSection(ProjectConfigurationPlatforms) = postSolution
		{17AD4502-08BC-4677-A4D1-DE22A71F6E83}.Debug|ARM64.ActiveCfg = Debug|ARM64
		{17AD4502-08BC-4677-A4D1-DE22A71F6E83}.Debug|ARM64.Build.0 = Debug|ARM64
		{17AD4502-08BC-4677-A4D1-DE22A71F6E83}.Debug|x64.ActiveCfg = Debug|x64
		{17AD4502-08BC-4677-A4D1-DE22A71F6E83}.Debug|x64.Build.0 = Debug|x64
		{17AD4502-08BC-4677-A4D1-DE22A71F6E83}.Debug|x86.ActiveCfg = Debug|Win32
		{17AD4502-08BC-4677-A4D1-DE22A71F6E83}.Debug|x86.Build.0 = Debug|Win32
		{17AD4502-08BC-4677-A4D1-DE22A71F6E83}.Release|ARM64.ActiveCfg = Release|ARM64
		{17AD4502-08BC-4677-A4D1-DE22A71F6E83}.Release|ARM64.Build.0 = Release|ARM64
		{17AD4502-08BC-4677-A4D1-DE22A71F6E83}.Release|x64.ActiveCfg = Release|x64
		{17AD4502-08BC-4677-A4D1-DE22A71F6E83}.Release|x64.Build.0 = Release|x64
		{17AD4502-08BC-4677-A4D1-DE22A71F6E83}.Release|x86.ActiveCfg = Release|Win32
		{17AD4502-08BC-4677-A4D1-DE22A71F6E83}.Release|x86.Build.0 = Release|Win32
		{4C849057-8C2C-4211-8861-991570FB7971}.Debug|ARM64.ActiveCfg = Debug|ARM64
		{4C849057-8C2C-4211-8861-991570FB7971}.Debug|ARM64.Build.0 = Debug|ARM64
		{4C849057-8C2C-4211-8861-991570FB7971}.Debug|x64.ActiveCfg = Debug|x64
		{4C849057-8C2C-4211-8861-991570FB7971}.Debug|x64.Build.0 = Debug|x64
		{4C849057-8C2C-4211-8861-991570FB7971}.Debug|x86.ActiveCfg = Debug|Win32
		{4C849057-8C2C-4211-8861-991570FB7971}.Debug|x86.Build.0 = Debug|Win32
		{4C849057-8C2C-4211-8861-991570FB7971}.Release|ARM64.ActiveCfg = Release|ARM64
		{4C849057-8C2C-4211-8861-991570FB7971}.Release|ARM64.Build.0 = Release|ARM64
		{4C849057-8C2C-4211-8861-991570FB7971}.Release|x64.ActiveCfg = Release|x64
		{4C849057-8C2C-4211-8861-991570FB7971}.Release|x64.Build.0 = Release|x64
		{4C849057-8C2C-4211-8861-991570FB7971}.Release|x86.ActiveCfg = Release|Win32
		{4C849057-8C2C-4211-8861-991570FB7971}.Release|x86.Build.0 = Release|Win32
		{F6520D2C-BB8E-45BB-964B-F5D6A4318A89}.Debug|ARM64.ActiveCfg = Debug|ARM64
		{F6520D2C-BB8E-45BB-964B-F5D6A4318A89}.Debug|ARM64.Build.0 = Debug|ARM64
		{F6520D2C-BB8E-45BB-964B-F5D6A4318A89}.Debug|x64.ActiveCfg = Debug|x64
		{F6520D2C-BB8E-45BB-964B-F5D6A4318A89}.Debug|x64.Build.0 = Debug|x64
		{F6520D2C-BB8E-45BB-964B-F5D6A4318A89}.Debug|x86.ActiveCfg = Debug|Win32
		{F6520D2C-BB8E-45BB-964B-F5D6A4318A89}.Debug|x86.Build.0 = Debug|Win32
		{F6520D2C-BB8E-45BB-964B-F5D6A4318A89}.Release|ARM64.ActiveCfg = Release|ARM64
		{F6520D2C-BB8E-45BB-964B-F5D6A4318A89}.Release|ARM64.Build.0 = Release|ARM64
		{F6520D2C-BB8E-45BB-964B-F5D6A4318A89}.Release|x64.ActiveCfg = Release|x64
		{F6520D2C-BB8E-45BB-964B-F5D6A4318A89}.Release|x64.Build.0 = Release|x64
		{F6520D2C-BB8E-45BB-964B-F5D6A4318A89}.Release|x86.ActiveCfg = Release|Win32
		{F6520D2C-BB8E-45BB-964B-F5D6A4318A89}.Release|x86.Build.0 = Release|Win32
		{F1736B3F-03A2-4FC7-B045-A12BA8D724FB}.Debug|ARM64.ActiveCfg = Debug|ARM64
		{F1736B3F-03A2-4FC7-B045-A12BA8D724FB}.Debug|ARM64.Build.0 = Debug|ARM64
		{F1736B3F-03A2-4FC7-B045-A12BA8D724FB}.Debug|x64.ActiveCfg = Debug|x64
		{F1736B3F-03A2-4FC7-B045-A12BA8D724FB}.Debug|x64.Build.0 = Debug|x64
		{F1736B3F-03A2-4FC7-B045-A12BA8D724FB}.Debug|x86.ActiveCfg = Debug|Win32
		{F1736B3F-03A2-4FC7-B045-A12BA8D724FB}.Debug|x86.Build.0 = Debug|Win32
		{F1736B3F-03A2-4FC7-B045-A12BA8D724FB}.Release|ARM64.ActiveCfg = Release|ARM64
		{F1736B3F-03A2-4FC7-B045-A12BA8D724FB}.Release|ARM64.Build.0 = Release|ARM64
		{F1736B3F-03A2-4FC7-B045-A12BA8D724FB}.Release|x64.ActiveCfg = Release|x64
		{F1736B3F-03A2-4FC7-B045-A12BA8D724FB}.Release|x64.Build.0 = Release|x64
		{F1736B3F-03A2-4FC7-B045-A12BA8D724FB}.Release|x86.ActiveCfg = Release|Win32
		{F1736B3F-03A2-4FC7-B045-A12BA8D724FB}.Release|x86.Build.0 = Release|Win32
		{A67868D2-15F6-41F5-9CB8-595D4E2731F7}.Debug|ARM64.ActiveCfg = Debug|ARM64
		{A67868D2-15F6-41F5-9CB8-595D4E2731F7}.Debug|ARM64.Build.0 = Debug|ARM64
		{A67868D2-15F6-41F5-9CB8-595D4E2731F7}.Debug|x64.ActiveCfg = Debug|x64
		{A67868D2-15F6-41F5-9CB8-595D4E2731F7}.Debug|x64.Build.0 = Debug|x64
		{A67868D2-15F6-41F5-9CB8-595D4E2731F7}.Debug|x86.ActiveCfg = Debug|Win32
		{A67868D2-15F6-41F5-9CB8-595D4E2731F7}.Debug|x86.Build.0 = Debug|Win32
		{A67868D2-15F6-41F5-9CB8-595D4E2731F7}.Release|ARM64.ActiveCfg = Release|ARM64
		{A67868D2-15F6-41F5-9CB8-595D4E2731F7}.Release|ARM64.Build.0 = Release|ARM64
		{A67868D2-15F6-41F5-9CB8-595D4E2731F7}.Release|x64.ActiveCfg = Release|x64
		{A67868D2-15F6-41F5-9CB8-595D4E2731F7}.Release|x64.Build.0 = Release|x64
		{A67868D2-15F6-41F5-9CB8-595D4E2731F7}.Release|x86.ActiveCfg = Release|Win32
		{A67868D2-15F6-41F5-9CB8-595D4E2731F7}.Release|x86.Build.0 = Release|Win32
		{4BF7CA78-A1DD-4C6A-8AC7-C3AEB528115A}.Debug|ARM64.ActiveCfg = Debug|ARM64
		{4BF7CA78-A1DD-4C6A-8AC7-C3AEB528115A}.Debug|ARM64.Build.0 = Debug|ARM64
		{4BF7CA78-A1DD-4C6A-8AC7-C3AEB528115A}.Debug|x64.ActiveCfg = Debug|x64
		{4BF7CA78-A1DD-4C6A-8AC7-C3AEB528115A}.Debug|x64.Build.0 = Debug|x64
		{4BF7CA78-A1DD-4C6A-8AC7-C3AEB528115A}.Debug|x86.ActiveCfg = Debug|Win32
		{4BF7CA78-A1DD-4C6A-8AC7-C3AEB528115A}.Debug|x86.Build.0 = Debug|Win32
		{4BF7CA78-A1DD-4C6A-8AC7-C3AEB528115A}.Release|ARM64.ActiveCfg = Release|ARM64
		{4BF7CA78-A1DD-4C6A-8AC7-C3AEB528115A}.Release|ARM64.Build.0 = Release|ARM64
		{4BF7CA78-A1DD-4C6A-8AC7-C3AEB528115A}.Release|x64.ActiveCfg = Release|x64
		{4BF7CA78-A1DD-4C6A-8AC7-C3AEB528115A}.Release|x64.Build.0 = Release|x64
		{4BF7CA78-A1DD-4C6A-8AC7-C3AEB528115A}.Release|x86.ActiveCfg = Release|Win32
		{4BF7CA78-A1DD-4C6A-8AC7-C3AEB528115A}.Release|x86.Build.0 = Release|Win32
		{1D3B10A1-0621-4E13-B3EA-659341369DA2}.Debug|ARM64.ActiveCfg = Debug|ARM64
		{1D3B10A1-0621-4E13-B3EA-659341369DA2}.Debug|ARM64.Build.0 = Debug|ARM64
		{1D3B10A1-0621-4E13-B3EA-659341369DA2}.Debug|x64.ActiveCfg = Debug|x64
		{1D3B10A1-0621-4E13-B3EA-659341369DA2}.Debug|x64.Build.0 = Debug|x64
		{1D3B10A1-0621-4E13-B3EA-659341369DA2}.Debug|x86.ActiveCfg = Debug|Win32
		{1D3B10A1-0621-4E13-B3EA-659341369DA2}.Debug|x86.Build.0 = Debug|Win32
		{1D3B10A1-0621-4E13-B3EA-659341369DA2}.Release|ARM64.ActiveCfg = Release|ARM64
		{1D3B10A1-0621-4E13-B3EA-659341369DA2}.Release|ARM64.Build.0 = Release|ARM64
		{1D3B10A1-0621-4E13-B3EA-659341369DA2}.Release|x64.ActiveCfg = Release|x64
		{1D3B10A1-0621-4E13-B3EA-659341369DA2}.Release|x64.Build.0 = Release|x64
		{1D3B10A1-0621-4E13-B3EA-659341369DA2}.Release|x86.ActiveCfg = Release|Win32
		{1D3B10A1-0621-4E13-B3EA-659341369DA2}.Release|x86.Build.0 = Release|Win32
		{EC87A64B-FA90-44F2-9842-F0B95FF7B078}.Debug|ARM64.ActiveCfg = Debug|ARM64
		{EC87A64B-FA90-44F2-9842-F0B95FF7B078}.Debug|ARM64.Build.0 = Debug|ARM64
		{EC87A64B-FA90-44F2-9842-F0B95FF7B078}.Debug|x64.ActiveCfg = Debug|x64
		{EC87A64B-FA90-44F2-9842-F0B95FF7B078}.Debug|x64.Build.0 = Debug|x64
		{EC87A64B-FA90-44F2-9842-F0B95FF7B078}.Debug|x86.ActiveCfg = Debug|Win32
		{EC87A64B-FA90-44F2-9842-F0B95FF7B078}.Debug|x86.Build.0 = Debug|Win32
		{EC87A64B-FA90-44F2-9842-F0B95FF7B078}.Release|ARM64.ActiveCfg = Release|ARM64
		{EC87A64B-FA90-44F2-9842-F0B95FF7B078}.Release|ARM64.Build.0 = Release|ARM64
		{EC87A64B-FA90-44F2-9842-F0B95FF7B078}.Release|x64.ActiveCfg = Release|x64
		{EC87A64B-FA90-44F2-9842-F0B95FF7B078}.Release|x64.Build.0 = Release|x64
		{EC87A64B-FA90-44F2-9842-F0B95FF7B078}.Release|x86.ActiveCfg = Release|Win32
		{EC87A64B-FA90-44F2-9842-F0B95FF7B078}.Release|x86.Build.0 = Release|Win32
		{E17E889F-D826-413F-854E-DBA6000B4DA7}.Debug|ARM64.ActiveCfg = Debug|ARM64
		{E17E889F-D826-413F-854E-DBA6000B4DA7}.Debug|ARM64.Build.0 = Debug|ARM64
		{E17E889F-D826-413F-854E-DBA6000B4DA7}.Debug|x64.ActiveCfg = Debug|x64
		{E17E889F-D826-413F-854E-DBA6000B4DA7}.Debug|x64.Build.0 = Debug|x64
		{E17E889F-D826-413F-854E-DBA6000B4DA7}.Debug|x86.ActiveCfg = Debug|Win32
		{E17E889F-D826-413F-854E-DBA6000B4DA7}.Debug|x86.Build.0 = Debug|Win32
		{E17E889F-D826-413F-854E-DBA6000B4DA7}.Release|ARM64.ActiveCfg = Release|ARM64
		{E17E889F-D826-413F-854E-DBA6000B4DA7}.Release|ARM64.Build.0 = Release|ARM64
		{E17E889F-D826-413F-854E-DBA6000B4DA7}.Release|x64.ActiveCfg = Release|x64
		{E17E889F-D826-413F-854E-DBA6000B4DA7}.Release|x64.Build.0 = Release|x64
		{E17E889F-D826-413F-854E-DBA6000B4DA7}.Release|x86.ActiveCfg = Release|Win32
		{E17E889F-D826-413F-854E-DBA6000B4DA7}.Release|x86.Build.0 = Release|Win32
		{E1087BA3-1074-4C6A-B770-A53B7BA1F4EA}.Debug|ARM64.ActiveCfg = Debug|ARM64
		{E1087BA3-1074-4C6A-B770-A53B7BA1F4EA}.Debug|ARM64.Build.0 = Debug|ARM64
		{E1087BA3-1074-4C6A-B770-A53B7BA1F4EA}.Debug|x64.ActiveCfg = Debug|x64
		{E1087BA3-1074-4C6A-B770-A53B7BA1F4EA}.Debug|x64.Build.0 = Debug|x64
		{E1087BA3-1074-4C6A-B770-A53B7BA1F4EA}.Debug|x86.ActiveCfg = Debug|Win32
		{E1087BA3-1074-4C6A-B770-A53B7BA1F4EA}.Debug|x86.Build.0 = Debug|Win32
		{E1087BA3-1074-4C6A-B770-A53B7BA1F4EA}.Release|ARM64.ActiveCfg = Release|ARM64
		{E1087BA3-1074-4C6A-B770-A53B7BA1F4EA}.Release|ARM64.Build.0 = Release|ARM64
		{E1087BA3-1074-4C6A-B770-A53B7BA1F4EA}.Release|x64.ActiveCfg = Release|x64
		{E1087BA3-1074-4C6A-B770-A53B7BA1F4EA}.Release|x64.Build.0 = Release|x64
		{E1087BA3-1074-4C6A-B770-A53B7BA1F4EA}.Release|x86.ActiveCfg = Release|Win32
		{E1087BA3-1074-4C6A-B770-A53B7BA1F4EA}.Release|x86.Build.0 = Release|Win32
		{E6BB33EF-2FF9-4B7C-822C-2F127E9CB066}.Debug|ARM64.ActiveCfg = Debug|ARM64
		{E6BB33EF-2FF9-4B7C-822C-2F127E9CB066}.Debug|ARM64.Build.0 = Debug|ARM64
		{E6BB33EF-2FF9-4B7C-822C-2F127E9CB066}.Debug|x64.ActiveCfg = Debug|x64
		{E6BB33EF-2FF9-4B7C-822C-2F127E9CB066}.Debug|x64.Build.0 = Debug|x64
		{E6BB33EF-2FF9-4B7C-822C-2F127E9CB066}.Debug|x86.ActiveCfg = Debug|Win32
		{E6BB33EF-2FF9-4B7C-822C-2F127E9CB066}.Debug|x86.Build.0 = Debug|Win32
		{E6BB33EF-2FF9-4B7C-822C-2F127E9CB066}.Release|ARM64.ActiveCfg = Release|ARM64
		{E6BB33EF-2FF9-4B7C-822C-2F127E9CB066}.Release|ARM64.Build.0 = Release|ARM64
		{E6BB33EF-2FF9-4B7C-822C-2F127E9CB066}.Release|x64.ActiveCfg = Release|x64
		{E6BB33EF-2FF9-4B7C-822C-2F127E9CB066}.Release|x64.Build.0 = Release|x64
		{E6BB33EF-2FF9-4B7C-822C-2F127E9CB066}.Release|x86.ActiveCfg = Release|Win32
		{E6BB33EF-2FF9-4B7C-822C-2F127E9CB066}.Release|x86.Build.0 = Release|Win32
		{DE495AB3-201F-4288-9A3A-41DFA146AD30}.Debug|ARM64.ActiveCfg = Debug|ARM64
		{DE495AB3-201F-4288-9A3A-41DFA146AD30}.Debug|ARM64.Build.0 = Debug|ARM64
		{DE495AB3-201F-4288-9A3A-41DFA146AD30}.Debug|x64.ActiveCfg = Debug|x64
		{DE495AB3-201F-4288-9A3A-41DFA146AD30}.Debug|x64.Build.0 = Debug|x64
		{DE495AB3-201F-4288-9A3A-41DFA146AD30}.Debug|x86.ActiveCfg = Debug|Win32
		{DE495AB3-201F-4288-9A3A-41DFA146AD30}.Debug|x86.Build.0 = Debug|Win32
		{DE495AB3-201F-4288-9A3A-41DFA146AD30}.Release|ARM64.ActiveCfg = Release|ARM64
		{DE495AB3-201F-4288-9A3A-41DFA146AD30}.Release|ARM64.Build.0 = Release|ARM64
		{DE495AB3-201F-4288-9A3A-41DFA146AD30}.Release|x64.ActiveCfg = Release|x64
		{DE495AB3-201F-4288-9A3A-41DFA146AD30}.Release|x64.Build.0 = Release|x64
		{DE495AB3-201F-4288-9A3A-41DFA146AD30}.Release|x86.ActiveCfg = Release|Win32
		{DE495AB3-201F-4288-9A3A-41DFA146AD30}.Release|x86.Build.0 = Release|Win32
		{C0792082-058B-4BF1-894F-D4D5D7124022}.Debug|ARM64.ActiveCfg = Debug|ARM64
		{C0792082-058B-4BF1-894F-D4D5D7124022}.Debug|ARM64.Build.0 = Debug|ARM64
		{C0792082-058B-4BF1-894F-D4D5D7124022}.Debug|x64.ActiveCfg = Debug|x64
		{C0792082-058B-4BF1-894F-D4D5D7124022}.Debug|x64.Build.0 = Debug|x64
		{C0792082-058B-4BF1-894F-D4D5D7124022}.Debug|x86.ActiveCfg = Debug|Win32
		{C0792082-058B-4BF1-894F-D4D5D7124022}.Debug|x86.Build.0 = Debug|Win32
		{C0792082-058B-4BF1-894F-D4D5D7124022}.Release|ARM64.ActiveCfg = Release|ARM64
		{C0792082-058B-4BF1-894F-D4D5D7124022}.Release|ARM64.Build.0 = Release|ARM64
		{C0792082-058B-4BF1-894F-D4D5D7124022}.Release|x64.ActiveCfg = Release|x64
		{C0792082-058B-4BF1-894F-D4D5D7124022}.Release|x64.Build.0 = Release|x64
		{C0792082-058B-4BF1-894F-D4D5D7124022}.Release|x86.ActiveCfg = Release|Win32
		{C0792082-058B-4BF1-894F-D4D5D7124022}.Release|x86.Build.0 = Release|Win32
		{A8E43EC0-698A-4807-8A61-B2BE5FAB7256}.Debug|ARM64.ActiveCfg = Debug|ARM64
		{A8E43EC0-698A-4807-8A61-B2BE5FAB7256}.Debug|ARM64.Build.0 = Debug|ARM64
		{A8E43EC0-698A-4807-8A61-B2BE5FAB7256}.Debug|x64.ActiveCfg = Debug|x64
		{A8E43EC0-698A-4807-8A61-B2BE5FAB7256}.Debug|x64.Build.0 = Debug|x64
		{A8E43EC0-698A-4807-8A61-B2BE5FAB7256}.Debug|x86.ActiveCfg = Debug|Win32
		{A8E43EC0-698A-4807-8A61-B2BE5FAB7256}.Debug|x86.Build.0 = Debug|Win32
		{A8E43EC0-698A-4807-8A61-B2BE5FAB7256}.Release|ARM64.ActiveCfg = Release|ARM64
		{A8E43EC0-698A-4807-8A61-B2BE5FAB7256}.Release|ARM64.Build.0 = Release|ARM64
		{A8E43EC0-698A-4807-8A61-B2BE5FAB7256}.Release|x64.ActiveCfg = Release|x64
		{A8E43EC0-698A-4807-8A61-B2BE5FAB7256}.Release|x64.Build.0 = Release|x64
		{A8E43EC0-698A-4807-8A61-B2BE5FAB7256}.Release|x86.ActiveCfg = Release|Win32
		{A8E43EC0-698A-4807-8A61-B2BE5FAB7256}.Release|x86.Build.0 = Release|Win32
		{6DDE9B0B-5DDA-47B0-BF6F-ADF47EC8568A}.Debug|ARM64.ActiveCfg = Debug|ARM64
		{6DDE9B0B-5DDA-47B0-BF6F-ADF47EC8568A}.Debug|ARM64.Build.0 = Debug|ARM64
		{6DDE9B0B-5DDA-47B0-BF6F-ADF47EC8568A}.Debug|x64.ActiveCfg = Debug|x64
		{6DDE9B0B-5DDA-47B0-BF6F-ADF47EC8568A}.Debug|x64.Build.0 = Debug|x64
		{6DDE9B0B-5DDA-47B0-BF6F-ADF47EC8568A}.Debug|x86.ActiveCfg = Debug|Win32
		{6DDE9B0B-5DDA-47B0-BF6F-ADF47EC8568A}.Debug|x86.Build.0 = Debug|Win32
		{6DDE9B0B-5DDA-47B0-BF6F-ADF47EC8568A}.Release|ARM64.ActiveCfg = Release|ARM64
		{6DDE9B0B-5DDA-47B0-BF6F-ADF47EC8568A}.Release|ARM64.Build.0 = Release|ARM64
		{6DDE9B0B-5DDA-47B0-BF6F-ADF47EC8568A}.Release|x64.ActiveCfg = Release|x64
		{6DDE9B0B-5DDA-47B0-BF6F-ADF47EC8568A}.Release|x64.Build.0 = Release|x64
		{6DDE9B0B-5DDA-47B0-BF6F-ADF47EC8568A}.Release|x86.ActiveCfg = Release|Win32
		{6DDE9B0B-5DDA-47B0-BF6F-ADF47EC8568A}.Release|x86.Build.0 = Release|Win32
	EndGlobalSection
	GlobalSection(SolutionProperties) = preSolution
		HideSolutionNode = FALSE
	EndGlobalSection
	GlobalSection(NestedProjects) = preSolution
		{17AD4502-08BC-4677-A4D1-DE22A71F6E83} = {742EB475-5A9A-4359-99A6-6D59D34255FF}
		{4C849057-8C2C-4211-8861-991570FB7971} = {742EB475-5A9A-4359-99A6-6D59D34255FF}
		{F6520D2C-BB8E-45BB-964B-F5D6A4318A89} = {26417B01-459E-4287-9524-7B0293BAD18A}
		{F1736B3F-03A2-4FC7-B045-A12BA8D724FB} = {26417B01-459E-4287-9524-7B0293BAD18A}
		{A67868D2-15F6-41F5-9CB8-595D4E2731F7} = {58092034-5B83-4806-B7FE-CCDD7414C4AE}
		{4BF7CA78-A1DD-4C6A-8AC7-C3AEB528115A} = {26417B01-459E-4287-9524-7B0293BAD18A}
		{1D3B10A1-0621-4E13-B3EA-659341369DA2} = {58092034-5B83-4806-B7FE-CCDD7414C4AE}
		{EC87A64B-FA90-44F2-9842-F0B95FF7B078} = {742EB475-5A9A-4359-99A6-6D59D34255FF}
		{E17E889F-D826-413F-854E-DBA6000B4DA7} = {26417B01-459E-4287-9524-7B0293BAD18A}
		{E1087BA3-1074-4C6A-B770-A53B7BA1F4EA} = {26417B01-459E-4287-9524-7B0293BAD18A}
		{E6BB33EF-2FF9-4B7C-822C-2F127E9CB066} = {58092034-5B83-4806-B7FE-CCDD7414C4AE}
		{DE495AB3-201F-4288-9A3A-41DFA146AD30} = {26417B01-459E-4287-9524-7B0293BAD18A}
		{C0792082-058B-4BF1-894F-D4D5D7124022} = {58092034-5B83-4806-B7FE-CCDD7414C4AE}
		{A8E43EC0-698A-4807-8A61-B2BE5FAB7256} = {26417B01-459E-4287-9524-7B0293BAD18A}
		{6DDE9B0B-5DDA-47B0-BF6F-ADF47EC8568A} = {58092034-5B83-4806-B7FE-CCDD7414C4AE}
	EndGlobalSection
	GlobalSection(ExtensibilityGlobals) = postSolution
		SolutionGuid = {16D43B4F-E3D4-4036-A44C-5DDD64988164}
	EndGlobalSection
EndGlobal
