
Microsoft Visual Studio Solution File, Format Version 12.00
# Visual Studio Version 17
VisualStudioVersion = 17.7.34302.85
MinimumVisualStudioVersion = 10.0.40219.1
Project("{2150E333-8FDC-42A3-9474-1A3956D46DE8}") = "XEngine_Module", "XEngine_Module", "{26417B01-459E-4287-9524-7B0293BAD18A}"
EndProject
Project("{2150E333-8FDC-42A3-9474-1A3956D46DE8}") = "XEngine_Example", "XEngine_Example", "{58092034-5B83-4806-B7FE-CCDD7414C4AE}"
EndProject
Project("{8BC9CEB8-8B4A-11D0-8D11-00A0C91BC942}") = "AVCodec_APPPlayer", "XEngine_Example\AVCodec_APPPlayer\AVCodec_APPPlayer.vcxproj", "{83CC39D4-25F3-48AC-B6CD-7A1228316692}"
EndProject
Project("{8BC9CEB8-8B4A-11D0-8D11-00A0C91BC942}") = "XEngine_AVPlayer", "XEngine_Module\XEngine_AVPlayer\XEngine_AVPlayer.vcxproj", "{7CFD692D-2957-4758-936D-7E9D18CEDD34}"
EndProject
Project("{2150E333-8FDC-42A3-9474-1A3956D46DE8}") = "XEngine_Application", "XEngine_Application", "{742EB475-5A9A-4359-99A6-6D59D34255FF}"
EndProject
Project("{8BC9CEB8-8B4A-11D0-8D11-00A0C91BC942}") = "XEngine_APPSimulateKeyInput", "XEngine_Application\XEngine_APPSimulateKeyInput\XEngine_APPSimulateKeyInput.vcxproj", "{17AD4502-08BC-4677-A4D1-DE22A71F6E83}"
EndProject
Project("{8BC9CEB8-8B4A-11D0-8D11-00A0C91BC942}") = "XEngine_APPFileSort", "XEngine_Application\XEngine_APPFileSort\XEngine_APPFileSort.vcxproj", "{4C849057-8C2C-4211-8861-991570FB7971}"
EndProject
Project("{8BC9CEB8-8B4A-11D0-8D11-00A0C91BC942}") = "XEngine_InfoReport", "XEngine_Module\XEngine_InfoReport\XEngine_InfoReport.vcxproj", "{F6520D2C-BB8E-45BB-964B-F5D6A4318A89}"
	ProjectSection(ProjectDependencies) = postProject
		{F1736B3F-03A2-4FC7-B045-A12BA8D724FB} = {F1736B3F-03A2-4FC7-B045-A12BA8D724FB}
	EndProjectSection
EndProject
Project("{8BC9CEB8-8B4A-11D0-8D11-00A0C91BC942}") = "jsoncpp", "XEngine_Module\jsoncpp\jsoncpp.vcxproj", "{F1736B3F-03A2-4FC7-B045-A12BA8D724FB}"
EndProject
Project("{8BC9CEB8-8B4A-11D0-8D11-00A0C91BC942}") = "InfoReport_APPExample", "XEngine_Example\InfoReport_APPExample\InfoReport_APPExample.vcxproj", "{A67868D2-15F6-41F5-9CB8-595D4E2731F7}"
EndProject
Project("{8BC9CEB8-8B4A-11D0-8D11-00A0C91BC942}") = "tinyxml2", "XEngine_Module\tinyxml2\tinyxml2.vcxproj", "{4BF7CA78-A1DD-4C6A-8AC7-C3AEB528115A}"
EndProject
Project("{8BC9CEB8-8B4A-11D0-8D11-00A0C91BC942}") = "TinyXML2_APPExample", "XEngine_Example\TinyXML2_APPExample\TinyXML2_APPExample.vcxproj", "{1D3B10A1-0621-4E13-B3EA-659341369DA2}"
EndProject
Project("{8BC9CEB8-8B4A-11D0-8D11-00A0C91BC942}") = "XEngine_APPSocketTest", "XEngine_Application\XEngine_APPSocketTest\XEngine_APPSocketTest.vcxproj", "{EC87A64B-FA90-44F2-9842-F0B95FF7B078}"
EndProject
Project("{8BC9CEB8-8B4A-11D0-8D11-00A0C91BC942}") = "XEngine_APPModuleTest", "XEngine_Application\XEngine_APPModuleTest\XEngine_APPModuleTest.vcxproj", "{52B50A15-8B5B-428C-BDDF-8BEF0A409F3C}"
EndProject
Global
	GlobalSection(SolutionConfigurationPlatforms) = preSolution
		Debug|x64 = Debug|x64
		Debug|x86 = Debug|x86
		Release|x64 = Release|x64
		Release|x86 = Release|x86
	EndGlobalSection
	GlobalSection(ProjectConfigurationPlatforms) = postSolution
		{83CC39D4-25F3-48AC-B6CD-7A1228316692}.Debug|x64.ActiveCfg = Debug|x64
		{83CC39D4-25F3-48AC-B6CD-7A1228316692}.Debug|x64.Build.0 = Debug|x64
		{83CC39D4-25F3-48AC-B6CD-7A1228316692}.Debug|x86.ActiveCfg = Debug|Win32
		{83CC39D4-25F3-48AC-B6CD-7A1228316692}.Debug|x86.Build.0 = Debug|Win32
		{83CC39D4-25F3-48AC-B6CD-7A1228316692}.Release|x64.ActiveCfg = Release|x64
		{83CC39D4-25F3-48AC-B6CD-7A1228316692}.Release|x64.Build.0 = Release|x64
		{83CC39D4-25F3-48AC-B6CD-7A1228316692}.Release|x86.ActiveCfg = Release|Win32
		{83CC39D4-25F3-48AC-B6CD-7A1228316692}.Release|x86.Build.0 = Release|Win32
		{7CFD692D-2957-4758-936D-7E9D18CEDD34}.Debug|x64.ActiveCfg = Debug|x64
		{7CFD692D-2957-4758-936D-7E9D18CEDD34}.Debug|x64.Build.0 = Debug|x64
		{7CFD692D-2957-4758-936D-7E9D18CEDD34}.Debug|x86.ActiveCfg = Debug|Win32
		{7CFD692D-2957-4758-936D-7E9D18CEDD34}.Debug|x86.Build.0 = Debug|Win32
		{7CFD692D-2957-4758-936D-7E9D18CEDD34}.Release|x64.ActiveCfg = Release|x64
		{7CFD692D-2957-4758-936D-7E9D18CEDD34}.Release|x64.Build.0 = Release|x64
		{7CFD692D-2957-4758-936D-7E9D18CEDD34}.Release|x86.ActiveCfg = Release|Win32
		{7CFD692D-2957-4758-936D-7E9D18CEDD34}.Release|x86.Build.0 = Release|Win32
		{17AD4502-08BC-4677-A4D1-DE22A71F6E83}.Debug|x64.ActiveCfg = Debug|x64
		{17AD4502-08BC-4677-A4D1-DE22A71F6E83}.Debug|x64.Build.0 = Debug|x64
		{17AD4502-08BC-4677-A4D1-DE22A71F6E83}.Debug|x86.ActiveCfg = Debug|Win32
		{17AD4502-08BC-4677-A4D1-DE22A71F6E83}.Debug|x86.Build.0 = Debug|Win32
		{17AD4502-08BC-4677-A4D1-DE22A71F6E83}.Release|x64.ActiveCfg = Release|x64
		{17AD4502-08BC-4677-A4D1-DE22A71F6E83}.Release|x64.Build.0 = Release|x64
		{17AD4502-08BC-4677-A4D1-DE22A71F6E83}.Release|x86.ActiveCfg = Release|Win32
		{17AD4502-08BC-4677-A4D1-DE22A71F6E83}.Release|x86.Build.0 = Release|Win32
		{4C849057-8C2C-4211-8861-991570FB7971}.Debug|x64.ActiveCfg = Debug|x64
		{4C849057-8C2C-4211-8861-991570FB7971}.Debug|x64.Build.0 = Debug|x64
		{4C849057-8C2C-4211-8861-991570FB7971}.Debug|x86.ActiveCfg = Debug|Win32
		{4C849057-8C2C-4211-8861-991570FB7971}.Debug|x86.Build.0 = Debug|Win32
		{4C849057-8C2C-4211-8861-991570FB7971}.Release|x64.ActiveCfg = Release|x64
		{4C849057-8C2C-4211-8861-991570FB7971}.Release|x64.Build.0 = Release|x64
		{4C849057-8C2C-4211-8861-991570FB7971}.Release|x86.ActiveCfg = Release|Win32
		{4C849057-8C2C-4211-8861-991570FB7971}.Release|x86.Build.0 = Release|Win32
		{F6520D2C-BB8E-45BB-964B-F5D6A4318A89}.Debug|x64.ActiveCfg = Debug|x64
		{F6520D2C-BB8E-45BB-964B-F5D6A4318A89}.Debug|x64.Build.0 = Debug|x64
		{F6520D2C-BB8E-45BB-964B-F5D6A4318A89}.Debug|x86.ActiveCfg = Debug|Win32
		{F6520D2C-BB8E-45BB-964B-F5D6A4318A89}.Debug|x86.Build.0 = Debug|Win32
		{F6520D2C-BB8E-45BB-964B-F5D6A4318A89}.Release|x64.ActiveCfg = Release|x64
		{F6520D2C-BB8E-45BB-964B-F5D6A4318A89}.Release|x64.Build.0 = Release|x64
		{F6520D2C-BB8E-45BB-964B-F5D6A4318A89}.Release|x86.ActiveCfg = Release|Win32
		{F6520D2C-BB8E-45BB-964B-F5D6A4318A89}.Release|x86.Build.0 = Release|Win32
		{F1736B3F-03A2-4FC7-B045-A12BA8D724FB}.Debug|x64.ActiveCfg = Debug|x64
		{F1736B3F-03A2-4FC7-B045-A12BA8D724FB}.Debug|x64.Build.0 = Debug|x64
		{F1736B3F-03A2-4FC7-B045-A12BA8D724FB}.Debug|x86.ActiveCfg = Debug|Win32
		{F1736B3F-03A2-4FC7-B045-A12BA8D724FB}.Debug|x86.Build.0 = Debug|Win32
		{F1736B3F-03A2-4FC7-B045-A12BA8D724FB}.Release|x64.ActiveCfg = Release|x64
		{F1736B3F-03A2-4FC7-B045-A12BA8D724FB}.Release|x64.Build.0 = Release|x64
		{F1736B3F-03A2-4FC7-B045-A12BA8D724FB}.Release|x86.ActiveCfg = Release|Win32
		{F1736B3F-03A2-4FC7-B045-A12BA8D724FB}.Release|x86.Build.0 = Release|Win32
		{A67868D2-15F6-41F5-9CB8-595D4E2731F7}.Debug|x64.ActiveCfg = Debug|x64
		{A67868D2-15F6-41F5-9CB8-595D4E2731F7}.Debug|x64.Build.0 = Debug|x64
		{A67868D2-15F6-41F5-9CB8-595D4E2731F7}.Debug|x86.ActiveCfg = Debug|Win32
		{A67868D2-15F6-41F5-9CB8-595D4E2731F7}.Debug|x86.Build.0 = Debug|Win32
		{A67868D2-15F6-41F5-9CB8-595D4E2731F7}.Release|x64.ActiveCfg = Release|x64
		{A67868D2-15F6-41F5-9CB8-595D4E2731F7}.Release|x64.Build.0 = Release|x64
		{A67868D2-15F6-41F5-9CB8-595D4E2731F7}.Release|x86.ActiveCfg = Release|Win32
		{A67868D2-15F6-41F5-9CB8-595D4E2731F7}.Release|x86.Build.0 = Release|Win32
		{4BF7CA78-A1DD-4C6A-8AC7-C3AEB528115A}.Debug|x64.ActiveCfg = Debug|x64
		{4BF7CA78-A1DD-4C6A-8AC7-C3AEB528115A}.Debug|x64.Build.0 = Debug|x64
		{4BF7CA78-A1DD-4C6A-8AC7-C3AEB528115A}.Debug|x86.ActiveCfg = Debug|Win32
		{4BF7CA78-A1DD-4C6A-8AC7-C3AEB528115A}.Debug|x86.Build.0 = Debug|Win32
		{4BF7CA78-A1DD-4C6A-8AC7-C3AEB528115A}.Release|x64.ActiveCfg = Release|x64
		{4BF7CA78-A1DD-4C6A-8AC7-C3AEB528115A}.Release|x64.Build.0 = Release|x64
		{4BF7CA78-A1DD-4C6A-8AC7-C3AEB528115A}.Release|x86.ActiveCfg = Release|Win32
		{4BF7CA78-A1DD-4C6A-8AC7-C3AEB528115A}.Release|x86.Build.0 = Release|Win32
		{1D3B10A1-0621-4E13-B3EA-659341369DA2}.Debug|x64.ActiveCfg = Debug|x64
		{1D3B10A1-0621-4E13-B3EA-659341369DA2}.Debug|x64.Build.0 = Debug|x64
		{1D3B10A1-0621-4E13-B3EA-659341369DA2}.Debug|x86.ActiveCfg = Debug|Win32
		{1D3B10A1-0621-4E13-B3EA-659341369DA2}.Debug|x86.Build.0 = Debug|Win32
		{1D3B10A1-0621-4E13-B3EA-659341369DA2}.Release|x64.ActiveCfg = Release|x64
		{1D3B10A1-0621-4E13-B3EA-659341369DA2}.Release|x64.Build.0 = Release|x64
		{1D3B10A1-0621-4E13-B3EA-659341369DA2}.Release|x86.ActiveCfg = Release|Win32
		{1D3B10A1-0621-4E13-B3EA-659341369DA2}.Release|x86.Build.0 = Release|Win32
		{EC87A64B-FA90-44F2-9842-F0B95FF7B078}.Debug|x64.ActiveCfg = Debug|x64
		{EC87A64B-FA90-44F2-9842-F0B95FF7B078}.Debug|x64.Build.0 = Debug|x64
		{EC87A64B-FA90-44F2-9842-F0B95FF7B078}.Debug|x86.ActiveCfg = Debug|Win32
		{EC87A64B-FA90-44F2-9842-F0B95FF7B078}.Debug|x86.Build.0 = Debug|Win32
		{EC87A64B-FA90-44F2-9842-F0B95FF7B078}.Release|x64.ActiveCfg = Release|x64
		{EC87A64B-FA90-44F2-9842-F0B95FF7B078}.Release|x64.Build.0 = Release|x64
		{EC87A64B-FA90-44F2-9842-F0B95FF7B078}.Release|x86.ActiveCfg = Release|Win32
		{EC87A64B-FA90-44F2-9842-F0B95FF7B078}.Release|x86.Build.0 = Release|Win32
		{52B50A15-8B5B-428C-BDDF-8BEF0A409F3C}.Debug|x64.ActiveCfg = Debug|x64
		{52B50A15-8B5B-428C-BDDF-8BEF0A409F3C}.Debug|x64.Build.0 = Debug|x64
		{52B50A15-8B5B-428C-BDDF-8BEF0A409F3C}.Debug|x86.ActiveCfg = Debug|Win32
		{52B50A15-8B5B-428C-BDDF-8BEF0A409F3C}.Debug|x86.Build.0 = Debug|Win32
		{52B50A15-8B5B-428C-BDDF-8BEF0A409F3C}.Release|x64.ActiveCfg = Release|x64
		{52B50A15-8B5B-428C-BDDF-8BEF0A409F3C}.Release|x64.Build.0 = Release|x64
		{52B50A15-8B5B-428C-BDDF-8BEF0A409F3C}.Release|x86.ActiveCfg = Release|Win32
		{52B50A15-8B5B-428C-BDDF-8BEF0A409F3C}.Release|x86.Build.0 = Release|Win32
	EndGlobalSection
	GlobalSection(SolutionProperties) = preSolution
		HideSolutionNode = FALSE
	EndGlobalSection
	GlobalSection(NestedProjects) = preSolution
		{83CC39D4-25F3-48AC-B6CD-7A1228316692} = {58092034-5B83-4806-B7FE-CCDD7414C4AE}
		{7CFD692D-2957-4758-936D-7E9D18CEDD34} = {26417B01-459E-4287-9524-7B0293BAD18A}
		{17AD4502-08BC-4677-A4D1-DE22A71F6E83} = {742EB475-5A9A-4359-99A6-6D59D34255FF}
		{4C849057-8C2C-4211-8861-991570FB7971} = {742EB475-5A9A-4359-99A6-6D59D34255FF}
		{F6520D2C-BB8E-45BB-964B-F5D6A4318A89} = {26417B01-459E-4287-9524-7B0293BAD18A}
		{F1736B3F-03A2-4FC7-B045-A12BA8D724FB} = {26417B01-459E-4287-9524-7B0293BAD18A}
		{A67868D2-15F6-41F5-9CB8-595D4E2731F7} = {58092034-5B83-4806-B7FE-CCDD7414C4AE}
		{4BF7CA78-A1DD-4C6A-8AC7-C3AEB528115A} = {26417B01-459E-4287-9524-7B0293BAD18A}
		{1D3B10A1-0621-4E13-B3EA-659341369DA2} = {58092034-5B83-4806-B7FE-CCDD7414C4AE}
		{EC87A64B-FA90-44F2-9842-F0B95FF7B078} = {742EB475-5A9A-4359-99A6-6D59D34255FF}
		{52B50A15-8B5B-428C-BDDF-8BEF0A409F3C} = {742EB475-5A9A-4359-99A6-6D59D34255FF}
	EndGlobalSection
	GlobalSection(ExtensibilityGlobals) = postSolution
		SolutionGuid = {16D43B4F-E3D4-4036-A44C-5DDD64988164}
	EndGlobalSection
EndGlobal
