<?xml version="1.0" encoding="utf-8"?>
<Project ToolsVersion="4.0" xmlns="http://schemas.microsoft.com/developer/msbuild/2003">
  <ItemGroup>
    <Filter Include="源文件">
      <UniqueIdentifier>{4FC737F1-C7A5-4376-A066-2A32D752A2FF}</UniqueIdentifier>
      <Extensions>cpp;c;cc;cxx;c++;cppm;ixx;def;odl;idl;hpj;bat;asm;asmx</Extensions>
    </Filter>
    <Filter Include="头文件">
      <UniqueIdentifier>{93995380-89BD-4b04-88EB-625FBE52EBFB}</UniqueIdentifier>
      <Extensions>h;hh;hpp;hxx;h++;hm;inl;inc;ipp;xsd</Extensions>
    </Filter>
    <Filter Include="资源文件">
      <UniqueIdentifier>{67DA6AB6-F800-4c08-8B7A-83BB121AAD01}</UniqueIdentifier>
      <Extensions>rc;ico;cur;bmp;dlg;rc2;rct;bin;rgs;gif;jpg;jpeg;jpe;resx;tiff;tif;png;wav;mfcribbon-ms</Extensions>
    </Filter>
    <Filter Include="头文件\AIApi_Chat">
      <UniqueIdentifier>{6972ef50-8b00-42a0-98fb-82ffafd4e2d4}</UniqueIdentifier>
    </Filter>
    <Filter Include="源文件\AIApi_Chat">
      <UniqueIdentifier>{28c4b390-8648-40b0-9882-7b30aeb72a0d}</UniqueIdentifier>
    </Filter>
    <Filter Include="头文件\AIApi_Image">
      <UniqueIdentifier>{4c6eb445-1ece-41a1-b3e3-93db24ab8476}</UniqueIdentifier>
    </Filter>
    <Filter Include="源文件\AIApi_Image">
      <UniqueIdentifier>{a13fcb1c-0028-48b8-8412-889d070db132}</UniqueIdentifier>
    </Filter>
  </ItemGroup>
  <ItemGroup>
    <ClInclude Include="framework.h">
      <Filter>头文件</Filter>
    </ClInclude>
    <ClInclude Include="pch.h">
      <Filter>头文件</Filter>
    </ClInclude>
    <ClInclude Include="AIApi_Chat\AIApi_Chat.h">
      <Filter>头文件\AIApi_Chat</Filter>
    </ClInclude>
    <ClInclude Include="AIApi_Define.h">
      <Filter>头文件</Filter>
    </ClInclude>
    <ClInclude Include="AIApi_Error.h">
      <Filter>头文件</Filter>
    </ClInclude>
    <ClInclude Include="AIApi_Image\AIApi_Image.h">
      <Filter>头文件\AIApi_Image</Filter>
    </ClInclude>
  </ItemGroup>
  <ItemGroup>
    <ClCompile Include="dllmain.cpp">
      <Filter>源文件</Filter>
    </ClCompile>
    <ClCompile Include="pch.cpp">
      <Filter>源文件</Filter>
    </ClCompile>
    <ClCompile Include="AIApi_Chat\AIApi_Chat.cpp">
      <Filter>源文件\AIApi_Chat</Filter>
    </ClCompile>
    <ClCompile Include="AIApi_Image\AIApi_Image.cpp">
      <Filter>源文件\AIApi_Image</Filter>
    </ClCompile>
  </ItemGroup>
  <ItemGroup>
    <None Include="XEngine_AIApi.def">
      <Filter>源文件</Filter>
    </None>
  </ItemGroup>
</Project>